
Microsoft Visual Studio Solution File, Format Version 12.00
# Visual Studio Version 17
VisualStudioVersion = 17.4.33213.308
MinimumVisualStudioVersion = 10.0.40219.1
Project("{9A19103F-16F7-4668-BE54-9A1E7A4F7556}") = "PersonaApp", "PersonaApp\PersonaApp.csproj", "{38467B69-979D-4DC5-8247-DF89DB23118B}"
EndProject
Global
	GlobalSection(SolutionConfigurationPlatforms) = preSolution
		Debug|Any CPU = Debug|Any CPU
		Release|Any CPU = Release|Any CPU
	EndGlobalSection
	GlobalSection(ProjectConfigurationPlatforms) = postSolution
		{38467B69-979D-4DC5-8247-DF89DB23118B}.Debug|Any CPU.ActiveCfg = Debug|Any CPU
		{38467B69-979D-4DC5-8247-DF89DB23118B}.Debug|Any CPU.Build.0 = Debug|Any CPU
		{38467B69-979D-4DC5-8247-DF89DB23118B}.Release|Any CPU.ActiveCfg = Release|Any CPU
		{38467B69-979D-4DC5-8247-DF89DB23118B}.Release|Any CPU.Build.0 = Release|Any CPU
	EndGlobalSection
	GlobalSection(SolutionProperties) = preSolution
		HideSolutionNode = FALSE
	EndGlobalSection
	GlobalSection(ExtensibilityGlobals) = postSolution
		SolutionGuid = {29A44E4D-55B6-4917-A505-E54F46F7DABC}
	EndGlobalSection
EndGlobal
